lockfileVersion: '9.0'

settings:
  autoInstallPeers: true
  excludeLinksFromLockfile: false

importers:

  .:
    devDependencies:
      playwright-core:
        specifier: ^1.61.0
        version: 1.61.0

packages:

  playwright-core@1.61.0:
    resolution: {integrity: sha512-caX7TrY3Ml6egyDX0WUcTHDxodl/b51y5wJOdCEA36QviK/s2g081hvmGs8eaE3DWb6NYZQ6BjO/QkNRPenoPA==}
    engines: {node: '>=18'}
    hasBin: true

snapshots:

  playwright-core@1.61.0: {}
